Microsoft Visual Studio Solution File, Format Version 12.00
# Visual Studio Version 17
VisualStudioVersion = 17.5.2.0
MinimumVisualStudioVersion = 10.0.40219.1
Project("{FAE04EC0-301F-11D3-BF4B-00C04F79EFBC}") = "ChessUI", "ChessUI.csproj", "{98CCAC96-6DEC-4BB3-63EC-927DB1466129}"
EndProject
Global
	GlobalSection(SolutionConfigurationPlatforms) = preSolution
		Debug|Any CPU = Debug|Any CPU
		Release|Any CPU = Release|Any CPU
	EndGlobalSection
	GlobalSection(ProjectConfigurationPlatforms) = postSolution
		{98CCAC96-6DEC-4BB3-63EC-927DB1466129}.Debug|Any CPU.ActiveCfg = Debug|Any CPU
		{98CCAC96-6DEC-4BB3-63EC-927DB1466129}.Debug|Any CPU.Build.0 = Debug|Any CPU
		{98CCAC96-6DEC-4BB3-63EC-927DB1466129}.Release|Any CPU.ActiveCfg = Release|Any CPU
		{98CCAC96-6DEC-4BB3-63EC-927DB1466129}.Release|Any CPU.Build.0 = Release|Any CPU
	EndGlobalSection
	GlobalSection(SolutionProperties) = preSolution
		HideSolutionNode = FALSE
	EndGlobalSection
	GlobalSection(ExtensibilityGlobals) = postSolution
		SolutionGuid = {0F38E270-246B-470F-9D79-E1F51128FBAB}
	EndGlobalSection
EndGlobal
